
Microsoft Visual Studio Solution File, Format Version 12.00
# Visual Studio 2012
Project("{FAE04EC0-301F-11D3-BF4B-00C04F79EFBC}") = "StockScanner.UI", "StockScanner.UI\StockScanner.UI.csproj", "{960BC037-3A50-453C-9F8B-FC25A7842BAE}"
	ProjectSection(ProjectDependencies) = postProject
		{8CD587F1-85B4-4562-8B1F-206AB0E616F9} = {8CD587F1-85B4-4562-8B1F-206AB0E616F9}
	EndProjectSection
EndProject
Project("{FAE04EC0-301F-11D3-BF4B-00C04F79EFBC}") = "StockService.Core", "StockService.Core\StockService.Core.csproj", "{CA44BCB9-C1FA-48DC-8548-E6A051616571}"
EndProject
Project("{FAE04EC0-301F-11D3-BF4B-00C04F79EFBC}") = "Service.Core.Tests", "Service.Core.Tests\Service.Core.Tests.csproj", "{89DA817E-3A9C-4343-B782-A9F272EE56D4}"
EndProject
Project("{FAE04EC0-301F-11D3-BF4B-00C04F79EFBC}") = "StockService", "StockService\StockService.csproj", "{8CD587F1-85B4-4562-8B1F-206AB0E616F9}"
EndProject
Project("{FAE04EC0-301F-11D3-BF4B-00C04F79EFBC}") = "Data.Tests", "Data.Tests\Data.Tests.csproj", "{1F95EAA1-E29D-4634-A1DD-53900BE03CDE}"
EndProject
Global
	GlobalSection(SolutionConfigurationPlatforms) = preSolution
		Debug|Any CPU = Debug|Any CPU
		Release|Any CPU = Release|Any CPU
	EndGlobalSection
	GlobalSection(ProjectConfigurationPlatforms) = postSolution
		{960BC037-3A50-453C-9F8B-FC25A7842BAE}.Debug|Any CPU.ActiveCfg = Debug|Any CPU
		{960BC037-3A50-453C-9F8B-FC25A7842BAE}.Debug|Any CPU.Build.0 = Debug|Any CPU
		{960BC037-3A50-453C-9F8B-FC25A7842BAE}.Release|Any CPU.ActiveCfg = Release|Any CPU
		{960BC037-3A50-453C-9F8B-FC25A7842BAE}.Release|Any CPU.Build.0 = Release|Any CPU
		{CA44BCB9-C1FA-48DC-8548-E6A051616571}.Debug|Any CPU.ActiveCfg = Debug|Any CPU
		{CA44BCB9-C1FA-48DC-8548-E6A051616571}.Debug|Any CPU.Build.0 = Debug|Any CPU
		{CA44BCB9-C1FA-48DC-8548-E6A051616571}.Release|Any CPU.ActiveCfg = Release|Any CPU
		{CA44BCB9-C1FA-48DC-8548-E6A051616571}.Release|Any CPU.Build.0 = Release|Any CPU
		{89DA817E-3A9C-4343-B782-A9F272EE56D4}.Debug|Any CPU.ActiveCfg = Debug|Any CPU
		{89DA817E-3A9C-4343-B782-A9F272EE56D4}.Debug|Any CPU.Build.0 = Debug|Any CPU
		{89DA817E-3A9C-4343-B782-A9F272EE56D4}.Release|Any CPU.ActiveCfg = Release|Any CPU
		{89DA817E-3A9C-4343-B782-A9F272EE56D4}.Release|Any CPU.Build.0 = Release|Any CPU
		{8CD587F1-85B4-4562-8B1F-206AB0E616F9}.Debug|Any CPU.ActiveCfg = Debug|Any CPU
		{8CD587F1-85B4-4562-8B1F-206AB0E616F9}.Debug|Any CPU.Build.0 = Debug|Any CPU
		{8CD587F1-85B4-4562-8B1F-206AB0E616F9}.Release|Any CPU.ActiveCfg = Release|Any CPU
		{8CD587F1-85B4-4562-8B1F-206AB0E616F9}.Release|Any CPU.Build.0 = Release|Any CPU
		{1F95EAA1-E29D-4634-A1DD-53900BE03CDE}.Debug|Any CPU.ActiveCfg = Debug|Any CPU
		{1F95EAA1-E29D-4634-A1DD-53900BE03CDE}.Debug|Any CPU.Build.0 = Debug|Any CPU
		{1F95EAA1-E29D-4634-A1DD-53900BE03CDE}.Release|Any CPU.ActiveCfg = Release|Any CPU
		{1F95EAA1-E29D-4634-A1DD-53900BE03CDE}.Release|Any CPU.Build.0 = Release|Any CPU
	EndGlobalSection
	GlobalSection(SolutionProperties) = preSolution
		HideSolutionNode = FALSE
	EndGlobalSection
EndGlobal
